# generated by rye
# use `rye lock` or `rye sync` to update this lockfile
#
# last locked with the following flags:
#   pre: false
#   features: []
#   all-features: false
#   with-sources: false
#   generate-hashes: false

-e file:.
argparse==1.4.0
    # via zillow
certifi==2024.6.2
    # via requests
charset-normalizer==3.3.2
    # via requests
greenlet==3.0.3
    # via playwright
idna==3.7
    # via requests
lxml==5.2.2
    # via zillow
pip==24.0
    # via zillow
playwright==1.44.0
    # via zillow
pyee==11.1.0
    # via playwright
python-anticaptcha==1.0.0
    # via zillow
requests==2.32.3
    # via python-anticaptcha
    # via zillow
six==1.16.0
    # via python-anticaptcha
typing-extensions==4.12.2
    # via pyee
unicodecsv==0.14.1
    # via zillow
urllib3==2.2.1
    # via requests
