# generated by rye
# use `rye lock` or `rye sync` to update this lockfile
#
# last locked with the following flags:
#   pre: false
#   features: []
#   all-features: false
#   with-sources: false
#   generate-hashes: false

-e file:.
argparse==1.4.0
    # via zillow
certifi==2024.6.2
    # via requests
charset-normalizer==3.3.2
    # via requests
idna==3.7
    # via requests
lxml==5.2.2
    # via zillow
mypy==1.10.0
mypy-extensions==1.0.0
    # via mypy
nodeenv==1.9.1
    # via pyright
pip==24.0
    # via zillow
pyright==1.1.366
python-anticaptcha==1.0.0
    # via zillow
requests==2.32.3
    # via python-anticaptcha
    # via zillow
ruff==0.4.8
six==1.16.0
    # via python-anticaptcha
typing-extensions==4.12.2
    # via mypy
urllib3==2.2.1
    # via requests
uv==0.2.10
